
Microsoft Visual Studio Solution File, Format Version 12.00
# Visual Studio Version 17
VisualStudioVersion = 17.14.36518.9 d17.14
MinimumVisualStudioVersion = 10.0.40219.1
Project("{FAE04EC0-301F-11D3-BF4B-00C04F79EFBC}") = "TP-Integrador-Clinica-WEB", "TP-Integrador-Clinica-WEB\TP-Integrador-Clinica-WEB.csproj", "{CB832FC2-D195-48CB-BD3A-6C332735AB3D}"
EndProject
Project("{FAE04EC0-301F-11D3-BF4B-00C04F79EFBC}") = "modelo", "modelo\modelo.csproj", "{8BF41CAB-AEEA-4C90-B68F-BD666CC5E348}"
EndProject
Project("{FAE04EC0-301F-11D3-BF4B-00C04F79EFBC}") = "negocio", "negocio\negocio.csproj", "{4F6FACD0-6676-4FC2-8B9C-EB2F545411F9}"
EndProject
Global
	GlobalSection(SolutionConfigurationPlatforms) = preSolution
		Debug|Any CPU = Debug|Any CPU
		Release|Any CPU = Release|Any CPU
	EndGlobalSection
	GlobalSection(ProjectConfigurationPlatforms) = postSolution
		{CB832FC2-D195-48CB-BD3A-6C332735AB3D}.Debug|Any CPU.ActiveCfg = Debug|Any CPU
		{CB832FC2-D195-48CB-BD3A-6C332735AB3D}.Debug|Any CPU.Build.0 = Debug|Any CPU
		{CB832FC2-D195-48CB-BD3A-6C332735AB3D}.Release|Any CPU.ActiveCfg = Release|Any CPU
		{CB832FC2-D195-48CB-BD3A-6C332735AB3D}.Release|Any CPU.Build.0 = Release|Any CPU
		{8BF41CAB-AEEA-4C90-B68F-BD666CC5E348}.Debug|Any CPU.ActiveCfg = Debug|Any CPU
		{8BF41CAB-AEEA-4C90-B68F-BD666CC5E348}.Debug|Any CPU.Build.0 = Debug|Any CPU
		{8BF41CAB-AEEA-4C90-B68F-BD666CC5E348}.Release|Any CPU.ActiveCfg = Release|Any CPU
		{8BF41CAB-AEEA-4C90-B68F-BD666CC5E348}.Release|Any CPU.Build.0 = Release|Any CPU
		{4F6FACD0-6676-4FC2-8B9C-EB2F545411F9}.Debug|Any CPU.ActiveCfg = Debug|Any CPU
		{4F6FACD0-6676-4FC2-8B9C-EB2F545411F9}.Debug|Any CPU.Build.0 = Debug|Any CPU
		{4F6FACD0-6676-4FC2-8B9C-EB2F545411F9}.Release|Any CPU.ActiveCfg = Release|Any CPU
		{4F6FACD0-6676-4FC2-8B9C-EB2F545411F9}.Release|Any CPU.Build.0 = Release|Any CPU
	EndGlobalSection
	GlobalSection(SolutionProperties) = preSolution
		HideSolutionNode = FALSE
	EndGlobalSection
	GlobalSection(ExtensibilityGlobals) = postSolution
		SolutionGuid = {F5082903-29AA-4C09-AE90-F6056036C7D7}
	EndGlobalSection
EndGlobal
